
Microsoft Visual Studio Solution File, Format Version 12.00
# Visual Studio Version 17
VisualStudioVersion = 17.5.33516.290
MinimumVisualStudioVersion = 10.0.40219.1
Project("{8BC9CEB8-8B4A-11D0-8D11-00A0C91BC942}") = "goorm_4_8", "goorm_4_8\goorm_4_8.vcxproj", "{DE41C2D6-D8D1-46EC-95F7-BA34D769A8AE}"
EndProject
Global
	GlobalSection(SolutionConfigurationPlatforms) = preSolution
		Debug|x64 = Debug|x64
		Debug|x86 = Debug|x86
		Release|x64 = Release|x64
		Release|x86 = Release|x86
	EndGlobalSection
	GlobalSection(ProjectConfigurationPlatforms) = postSolution
		{DE41C2D6-D8D1-46EC-95F7-BA34D769A8AE}.Debug|x64.ActiveCfg = Debug|x64
		{DE41C2D6-D8D1-46EC-95F7-BA34D769A8AE}.Debug|x64.Build.0 = Debug|x64
		{DE41C2D6-D8D1-46EC-95F7-BA34D769A8AE}.Debug|x86.ActiveCfg = Debug|Win32
		{DE41C2D6-D8D1-46EC-95F7-BA34D769A8AE}.Debug|x86.Build.0 = Debug|Win32
		{DE41C2D6-D8D1-46EC-95F7-BA34D769A8AE}.Release|x64.ActiveCfg = Release|x64
		{DE41C2D6-D8D1-46EC-95F7-BA34D769A8AE}.Release|x64.Build.0 = Release|x64
		{DE41C2D6-D8D1-46EC-95F7-BA34D769A8AE}.Release|x86.ActiveCfg = Release|Win32
		{DE41C2D6-D8D1-46EC-95F7-BA34D769A8AE}.Release|x86.Build.0 = Release|Win32
	EndGlobalSection
	GlobalSection(SolutionProperties) = preSolution
		HideSolutionNode = FALSE
	EndGlobalSection
	GlobalSection(ExtensibilityGlobals) = postSolution
		SolutionGuid = {B7C644EC-611D-4409-B201-09665635FC94}
	EndGlobalSection
EndGlobal
