
Microsoft Visual Studio Solution File, Format Version 12.00
# Visual Studio Version 17
VisualStudioVersion = 17.5.33516.290
MinimumVisualStudioVersion = 10.0.40219.1
Project("{8BC9CEB8-8B4A-11D0-8D11-00A0C91BC942}") = "goorm_4_10", "goorm_4_10\goorm_4_10.vcxproj", "{1EC5A5F3-B6B0-4DF1-834A-7F11E3826C55}"
EndProject
Global
	GlobalSection(SolutionConfigurationPlatforms) = preSolution
		Debug|x64 = Debug|x64
		Debug|x86 = Debug|x86
		Release|x64 = Release|x64
		Release|x86 = Release|x86
	EndGlobalSection
	GlobalSection(ProjectConfigurationPlatforms) = postSolution
		{1EC5A5F3-B6B0-4DF1-834A-7F11E3826C55}.Debug|x64.ActiveCfg = Debug|x64
		{1EC5A5F3-B6B0-4DF1-834A-7F11E3826C55}.Debug|x64.Build.0 = Debug|x64
		{1EC5A5F3-B6B0-4DF1-834A-7F11E3826C55}.Debug|x86.ActiveCfg = Debug|Win32
		{1EC5A5F3-B6B0-4DF1-834A-7F11E3826C55}.Debug|x86.Build.0 = Debug|Win32
		{1EC5A5F3-B6B0-4DF1-834A-7F11E3826C55}.Release|x64.ActiveCfg = Release|x64
		{1EC5A5F3-B6B0-4DF1-834A-7F11E3826C55}.Release|x64.Build.0 = Release|x64
		{1EC5A5F3-B6B0-4DF1-834A-7F11E3826C55}.Release|x86.ActiveCfg = Release|Win32
		{1EC5A5F3-B6B0-4DF1-834A-7F11E3826C55}.Release|x86.Build.0 = Release|Win32
	EndGlobalSection
	GlobalSection(SolutionProperties) = preSolution
		HideSolutionNode = FALSE
	EndGlobalSection
	GlobalSection(ExtensibilityGlobals) = postSolution
		SolutionGuid = {34975109-7CC4-4D47-BA7A-5D788E351CB0}
	EndGlobalSection
EndGlobal
