
Microsoft Visual Studio Solution File, Format Version 12.00
# Visual Studio Version 17
VisualStudioVersion = 17.5.33414.496
MinimumVisualStudioVersion = 10.0.40219.1
Project("{8BC9CEB8-8B4A-11D0-8D11-00A0C91BC942}") = "20231030_voltage_divider", "20231030_voltage_divider\20231030_voltage_divider.vcxproj", "{ADDF1A03-EB1D-4B24-9950-7FE1306A68C9}"
EndProject
Global
	GlobalSection(SolutionConfigurationPlatforms) = preSolution
		Debug|x64 = Debug|x64
		Debug|x86 = Debug|x86
		Release|x64 = Release|x64
		Release|x86 = Release|x86
	EndGlobalSection
	GlobalSection(ProjectConfigurationPlatforms) = postSolution
		{ADDF1A03-EB1D-4B24-9950-7FE1306A68C9}.Debug|x64.ActiveCfg = Debug|x64
		{ADDF1A03-EB1D-4B24-9950-7FE1306A68C9}.Debug|x64.Build.0 = Debug|x64
		{ADDF1A03-EB1D-4B24-9950-7FE1306A68C9}.Debug|x86.ActiveCfg = Debug|Win32
		{ADDF1A03-EB1D-4B24-9950-7FE1306A68C9}.Debug|x86.Build.0 = Debug|Win32
		{ADDF1A03-EB1D-4B24-9950-7FE1306A68C9}.Release|x64.ActiveCfg = Release|x64
		{ADDF1A03-EB1D-4B24-9950-7FE1306A68C9}.Release|x64.Build.0 = Release|x64
		{ADDF1A03-EB1D-4B24-9950-7FE1306A68C9}.Release|x86.ActiveCfg = Release|Win32
		{ADDF1A03-EB1D-4B24-9950-7FE1306A68C9}.Release|x86.Build.0 = Release|Win32
	EndGlobalSection
	GlobalSection(SolutionProperties) = preSolution
		HideSolutionNode = FALSE
	EndGlobalSection
	GlobalSection(ExtensibilityGlobals) = postSolution
		SolutionGuid = {8B0E0EC4-1CFB-44EC-B05E-DF5AB290BB9F}
	EndGlobalSection
EndGlobal
