
Microsoft Visual Studio Solution File, Format Version 12.00
# Visual Studio Version 17
VisualStudioVersion = 17.5.33414.496
MinimumVisualStudioVersion = 10.0.40219.1
Project("{8BC9CEB8-8B4A-11D0-8D11-00A0C91BC942}") = "20231030_sort_2", "20231030_sort_2\20231030_sort_2.vcxproj", "{83943893-57A7-418F-B89A-470FB818EB05}"
EndProject
Global
	GlobalSection(SolutionConfigurationPlatforms) = preSolution
		Debug|x64 = Debug|x64
		Debug|x86 = Debug|x86
		Release|x64 = Release|x64
		Release|x86 = Release|x86
	EndGlobalSection
	GlobalSection(ProjectConfigurationPlatforms) = postSolution
		{83943893-57A7-418F-B89A-470FB818EB05}.Debug|x64.ActiveCfg = Debug|x64
		{83943893-57A7-418F-B89A-470FB818EB05}.Debug|x64.Build.0 = Debug|x64
		{83943893-57A7-418F-B89A-470FB818EB05}.Debug|x86.ActiveCfg = Debug|Win32
		{83943893-57A7-418F-B89A-470FB818EB05}.Debug|x86.Build.0 = Debug|Win32
		{83943893-57A7-418F-B89A-470FB818EB05}.Release|x64.ActiveCfg = Release|x64
		{83943893-57A7-418F-B89A-470FB818EB05}.Release|x64.Build.0 = Release|x64
		{83943893-57A7-418F-B89A-470FB818EB05}.Release|x86.ActiveCfg = Release|Win32
		{83943893-57A7-418F-B89A-470FB818EB05}.Release|x86.Build.0 = Release|Win32
	EndGlobalSection
	GlobalSection(SolutionProperties) = preSolution
		HideSolutionNode = FALSE
	EndGlobalSection
	GlobalSection(ExtensibilityGlobals) = postSolution
		SolutionGuid = {BB884100-0F9B-43F4-A2D2-67A7C5F00398}
	EndGlobalSection
EndGlobal
