
Microsoft Visual Studio Solution File, Format Version 12.00
# Visual Studio Version 17
VisualStudioVersion = 17.5.33516.290
MinimumVisualStudioVersion = 10.0.40219.1
Project("{8BC9CEB8-8B4A-11D0-8D11-00A0C91BC942}") = "20230414_15", "20230414_15\20230414_15.vcxproj", "{5A1A7AEF-DF98-42DB-B696-294E0C06AE7E}"
EndProject
Global
	GlobalSection(SolutionConfigurationPlatforms) = preSolution
		Debug|x64 = Debug|x64
		Debug|x86 = Debug|x86
		Release|x64 = Release|x64
		Release|x86 = Release|x86
	EndGlobalSection
	GlobalSection(ProjectConfigurationPlatforms) = postSolution
		{5A1A7AEF-DF98-42DB-B696-294E0C06AE7E}.Debug|x64.ActiveCfg = Debug|x64
		{5A1A7AEF-DF98-42DB-B696-294E0C06AE7E}.Debug|x64.Build.0 = Debug|x64
		{5A1A7AEF-DF98-42DB-B696-294E0C06AE7E}.Debug|x86.ActiveCfg = Debug|Win32
		{5A1A7AEF-DF98-42DB-B696-294E0C06AE7E}.Debug|x86.Build.0 = Debug|Win32
		{5A1A7AEF-DF98-42DB-B696-294E0C06AE7E}.Release|x64.ActiveCfg = Release|x64
		{5A1A7AEF-DF98-42DB-B696-294E0C06AE7E}.Release|x64.Build.0 = Release|x64
		{5A1A7AEF-DF98-42DB-B696-294E0C06AE7E}.Release|x86.ActiveCfg = Release|Win32
		{5A1A7AEF-DF98-42DB-B696-294E0C06AE7E}.Release|x86.Build.0 = Release|Win32
	EndGlobalSection
	GlobalSection(SolutionProperties) = preSolution
		HideSolutionNode = FALSE
	EndGlobalSection
	GlobalSection(ExtensibilityGlobals) = postSolution
		SolutionGuid = {254DFFFD-7C35-40EB-A295-F3A583A9E3D6}
	EndGlobalSection
EndGlobal
