
Microsoft Visual Studio Solution File, Format Version 12.00
# Visual Studio Version 17
VisualStudioVersion = 17.5.33414.496
MinimumVisualStudioVersion = 10.0.40219.1
Project("{8BC9CEB8-8B4A-11D0-8D11-00A0C91BC942}") = "20231208_1", "20231208_1\20231208_1.vcxproj", "{DDD59093-0680-4F2A-9B75-83ED0CA378A5}"
EndProject
Global
	GlobalSection(SolutionConfigurationPlatforms) = preSolution
		Debug|x64 = Debug|x64
		Debug|x86 = Debug|x86
		Release|x64 = Release|x64
		Release|x86 = Release|x86
	EndGlobalSection
	GlobalSection(ProjectConfigurationPlatforms) = postSolution
		{DDD59093-0680-4F2A-9B75-83ED0CA378A5}.Debug|x64.ActiveCfg = Debug|x64
		{DDD59093-0680-4F2A-9B75-83ED0CA378A5}.Debug|x64.Build.0 = Debug|x64
		{DDD59093-0680-4F2A-9B75-83ED0CA378A5}.Debug|x86.ActiveCfg = Debug|Win32
		{DDD59093-0680-4F2A-9B75-83ED0CA378A5}.Debug|x86.Build.0 = Debug|Win32
		{DDD59093-0680-4F2A-9B75-83ED0CA378A5}.Release|x64.ActiveCfg = Release|x64
		{DDD59093-0680-4F2A-9B75-83ED0CA378A5}.Release|x64.Build.0 = Release|x64
		{DDD59093-0680-4F2A-9B75-83ED0CA378A5}.Release|x86.ActiveCfg = Release|Win32
		{DDD59093-0680-4F2A-9B75-83ED0CA378A5}.Release|x86.Build.0 = Release|Win32
	EndGlobalSection
	GlobalSection(SolutionProperties) = preSolution
		HideSolutionNode = FALSE
	EndGlobalSection
	GlobalSection(ExtensibilityGlobals) = postSolution
		SolutionGuid = {7E19B22D-EAE1-4CDD-9623-1E6D74975611}
	EndGlobalSection
EndGlobal
