
Microsoft Visual Studio Solution File, Format Version 12.00
# Visual Studio Version 17
VisualStudioVersion = 17.8.34330.188
MinimumVisualStudioVersion = 10.0.40219.1
Project("{8BC9CEB8-8B4A-11D0-8D11-00A0C91BC942}") = "20240103_is_prime", "20240103_is_prime\20240103_is_prime.vcxproj", "{02FC7F0E-1C63-41EA-9D0D-C1C754431F76}"
EndProject
Global
	GlobalSection(SolutionConfigurationPlatforms) = preSolution
		Debug|x64 = Debug|x64
		Debug|x86 = Debug|x86
		Release|x64 = Release|x64
		Release|x86 = Release|x86
	EndGlobalSection
	GlobalSection(ProjectConfigurationPlatforms) = postSolution
		{02FC7F0E-1C63-41EA-9D0D-C1C754431F76}.Debug|x64.ActiveCfg = Debug|x64
		{02FC7F0E-1C63-41EA-9D0D-C1C754431F76}.Debug|x64.Build.0 = Debug|x64
		{02FC7F0E-1C63-41EA-9D0D-C1C754431F76}.Debug|x86.ActiveCfg = Debug|Win32
		{02FC7F0E-1C63-41EA-9D0D-C1C754431F76}.Debug|x86.Build.0 = Debug|Win32
		{02FC7F0E-1C63-41EA-9D0D-C1C754431F76}.Release|x64.ActiveCfg = Release|x64
		{02FC7F0E-1C63-41EA-9D0D-C1C754431F76}.Release|x64.Build.0 = Release|x64
		{02FC7F0E-1C63-41EA-9D0D-C1C754431F76}.Release|x86.ActiveCfg = Release|Win32
		{02FC7F0E-1C63-41EA-9D0D-C1C754431F76}.Release|x86.Build.0 = Release|Win32
	EndGlobalSection
	GlobalSection(SolutionProperties) = preSolution
		HideSolutionNode = FALSE
	EndGlobalSection
	GlobalSection(ExtensibilityGlobals) = postSolution
		SolutionGuid = {A196763C-0968-4A47-9847-9CFD675F897A}
	EndGlobalSection
EndGlobal
